// !$*UTF8*$!
{
	archiveVersion = 1;
	classes = {
	};
	objectVersion = 50;
	objects = {

/* Begin PBXBuildFile section */
		45E5B4E926E2BC6900BE6494 /* WeSplitApp.swift in Sources */ = {isa = PBXBuildFile; fileRef = 45E5B4E826E2BC6900BE6494 /* WeSplitApp.swift */; };
		45E5B4EB26E2BC6900BE6494 /* ContentView.swift in Sources */ = {isa = PBXBuildFile; fileRef = 45E5B4EA26E2BC6900BE6494 /* ContentView.swift */; };
		45E5B4ED26E2BC6A00BE6494 /* Assets.xcassets in Resources */ = {isa = PBXBuildFile; fileRef = 45E5B4EC26E2BC6A00BE6494 /* Assets.xcassets */; };
		45E5B4F026E2BC6A00BE6494 /* Preview Assets.xcassets in Resources */ = {isa = PBXBuildFile; fileRef = 45E5B4EF26E2BC6A00BE6494 /* Preview Assets.xcassets */; };
		45E5B4FB26E2BC6A00BE6494 /* WeSplitTests.swift in Sources */ = {isa = PBXBuildFile; fileRef = 45E5B4FA26E2BC6A00BE6494 /* WeSplitTests.swift */; };
		45E5B50626E2BC6A00BE6494 /* WeSplitUITests.swift in Sources */ = {isa = PBXBuildFile; fileRef = 45E5B50526E2BC6A00BE6494 /* WeSplitUITests.swift */; };
/* End PBXBuildFile section */

/* Begin PBXContainerItemProxy section */
		45E5B4F726E2BC6A00BE6494 /* PBXContainerItemProxy */ = {
			isa = PBXContainerItemProxy;
			containerPortal = 45E5B4DD26E2BC6900BE6494 /* Project object */;
			proxyType = 1;
			remoteGlobalIDString = 45E5B4E426E2BC6900BE6494;
			remoteInfo = WeSplit;
		};
		45E5B50226E2BC6A00BE6494 /* PBXContainerItemProxy */ = {
			isa = PBXContainerItemProxy;
			containerPortal = 45E5B4DD26E2BC6900BE6494 /* Project object */;
			proxyType = 1;
			remoteGlobalIDString = 45E5B4E426E2BC6900BE6494;
			remoteInfo = WeSplit;
		};
/* End PBXContainerItemProxy section */

/* Begin PBXFileReference section */
		45E5B4E526E2BC6900BE6494 /* WeSplit.app */ = {isa = PBXFileReference; explicitFileType = wrapper.application; includeInIndex = 0; path = WeSplit.app; sourceTree = BUILT_PRODUCTS_DIR; };
		45E5B4E826E2BC6900BE6494 /* WeSplitApp.swift */ = {isa = PBXFileReference; lastKnownFileType = sourcecode.swift; path = WeSplitApp.swift; sourceTree = "<group>"; };
		45E5B4EA26E2BC6900BE6494 /* ContentView.swift */ = {isa = PBXFileReference; lastKnownFileType = sourcecode.swift; path = ContentView.swift; sourceTree = "<group>"; };
		45E5B4EC26E2BC6A00BE6494 /* Assets.xcassets */ = {isa = PBXFileReference; lastKnownFileType = folder.assetcatalog; path = Assets.xcassets; sourceTree = "<group>"; };
		45E5B4EF26E2BC6A00BE6494 /* Preview Assets.xcassets */ = {isa = PBXFileReference; lastKnownFileType = folder.assetcatalog; path = "Preview Assets.xcassets"; sourceTree = "<group>"; };
		45E5B4F126E2BC6A00BE6494 /* Info.plist */ = {isa = PBXFileReference; lastKnownFileType = text.plist.xml; path = Info.plist; sourceTree = "<group>"; };
		45E5B4F626E2BC6A00BE6494 /* WeSplitTests.xctest */ = {isa = PBXFileReference; explicitFileType = wrapper.cfbundle; includeInIndex = 0; path = WeSplitTests.xctest; sourceTree = BUILT_PRODUCTS_DIR; };
		45E5B4FA26E2BC6A00BE6494 /* WeSplitTests.swift */ = {isa = PBXFileReference; lastKnownFileType = sourcecode.swift; path = WeSplitTests.swift; sourceTree = "<group>"; };
		45E5B4FC26E2BC6A00BE6494 /* Info.plist */ = {isa = PBXFileReference; lastKnownFileType = text.plist.xml; path = Info.plist; sourceTree = "<group>"; };
		45E5B50126E2BC6A00BE6494 /* WeSplitUITests.xctest */ = {isa = PBXFileReference; explicitFileType = wrapper.cfbundle; includeInIndex = 0; path = WeSplitUITests.xctest; sourceTree = BUILT_PRODUCTS_DIR; };
		45E5B50526E2BC6A00BE6494 /* WeSplitUITests.swift */ = {isa = PBXFileReference; lastKnownFileType = sourcecode.swift; path = WeSplitUITests.swift; sourceTree = "<group>"; };
		45E5B50726E2BC6A00BE6494 /* Info.plist */ = {isa = PBXFileReference; lastKnownFileType = text.plist.xml; path = Info.plist; sourceTree = "<group>"; };
/* End PBXFileReference section */

/* Begin PBXFrameworksBuildPhase section */
		45E5B4E226E2BC6900BE6494 /* Frameworks */ = {
			isa = PBXFrameworksBuildPhase;
			buildActionMask = 2147483647;
			files = (
			);
			runOnlyForDeploymentPostprocessing = 0;
		};
		45E5B4F326E2BC6A00BE6494 /* Frameworks */ = {
			isa = PBXFrameworksBuildPhase;
			buildActionMask = 2147483647;
			files = (
			);
			runOnlyForDeploymentPostprocessing = 0;
		};
		45E5B4FE26E2BC6A00BE6494 /* Frameworks */ = {
			isa = PBXFrameworksBuildPhase;
			buildActionMask = 2147483647;
			files = (
			);
			runOnlyForDeploymentPostprocessing = 0;
		};
/* End PBXFrameworksBuildPhase section */

/* Begin PBXGroup section */
		45E5B4DC26E2BC6900BE6494 = {
			isa = PBXGroup;
			children = (
				45E5B4E726E2BC6900BE6494 /* WeSplit */,
				45E5B4F926E2BC6A00BE6494 /* WeSplitTests */,
				45E5B50426E2BC6A00BE6494 /* WeSplitUITests */,
				45E5B4E626E2BC6900BE6494 /* Products */,
			);
			sourceTree = "<group>";
		};
		45E5B4E626E2BC6900BE6494 /* Products */ = {
			isa = PBXGroup;
			children = (
				45E5B4E526E2BC6900BE6494 /* WeSplit.app */,
				45E5B4F626E2BC6A00BE6494 /* WeSplitTests.xctest */,
				45E5B50126E2BC6A00BE6494 /* WeSplitUITests.xctest */,
			);
			name = Products;
			sourceTree = "<group>";
		};
		45E5B4E726E2BC6900BE6494 /* WeSplit */ = {
			isa = PBXGroup;
			children = (
				45E5B4E826E2BC6900BE6494 /* WeSplitApp.swift */,
				45E5B4EA26E2BC6900BE6494 /* ContentView.swift */,
				45E5B4EC26E2BC6A00BE6494 /* Assets.xcassets */,
				45E5B4F126E2BC6A00BE6494 /* Info.plist */,
				45E5B4EE26E2BC6A00BE6494 /* Preview Content */,
			);
			path = WeSplit;
			sourceTree = "<group>";
		};
		45E5B4EE26E2BC6A00BE6494 /* Preview Content */ = {
			isa = PBXGroup;
			children = (
				45E5B4EF26E2BC6A00BE6494 /* Preview Assets.xcassets */,
			);
			path = "Preview Content";
			sourceTree = "<group>";
		};
		45E5B4F926E2BC6A00BE6494 /* WeSplitTests */ = {
			isa = PBXGroup;
			children = (
				45E5B4FA26E2BC6A00BE6494 /* WeSplitTests.swift */,
				45E5B4FC26E2BC6A00BE6494 /* Info.plist */,
			);
			path = WeSplitTests;
			sourceTree = "<group>";
		};
		45E5B50426E2BC6A00BE6494 /* WeSplitUITests */ = {
			isa = PBXGroup;
			children = (
				45E5B50526E2BC6A00BE6494 /* WeSplitUITests.swift */,
				45E5B50726E2BC6A00BE6494 /* Info.plist */,
			);
			path = WeSplitUITests;
			sourceTree = "<group>";
		};
/* End PBXGroup section */

/* Begin PBXNativeTarget section */
		45E5B4E426E2BC6900BE6494 /* WeSplit */ = {
			isa = PBXNativeTarget;
			buildConfigurationList = 45E5B50A26E2BC6A00BE6494 /* Build configuration list for PBXNativeTarget "WeSplit" */;
			buildPhases = (
				45E5B4E126E2BC6900BE6494 /* Sources */,
				45E5B4E226E2BC6900BE6494 /* Frameworks */,
				45E5B4E326E2BC6900BE6494 /* Resources */,
			);
			buildRules = (
			);
			dependencies = (
			);
			name = WeSplit;
			productName = WeSplit;
			productReference = 45E5B4E526E2BC6900BE6494 /* WeSplit.app */;
			productType = "com.apple.product-type.application";
		};
		45E5B4F526E2BC6A00BE6494 /* WeSplitTests */ = {
			isa = PBXNativeTarget;
			buildConfigurationList = 45E5B50D26E2BC6A00BE6494 /* Build configuration list for PBXNativeTarget "WeSplitTests" */;
			buildPhases = (
				45E5B4F226E2BC6A00BE6494 /* Sources */,
				45E5B4F326E2BC6A00BE6494 /* Frameworks */,
				45E5B4F426E2BC6A00BE6494 /* Resources */,
			);
			buildRules = (
			);
			dependencies = (
				45E5B4F826E2BC6A00BE6494 /* PBXTargetDependency */,
			);
			name = WeSplitTests;
			productName = WeSplitTests;
			productReference = 45E5B4F626E2BC6A00BE6494 /* WeSplitTests.xctest */;
			productType = "com.apple.product-type.bundle.unit-test";
		};
		45E5B50026E2BC6A00BE6494 /* WeSplitUITests */ = {
			isa = PBXNativeTarget;
			buildConfigurationList = 45E5B51026E2BC6A00BE6494 /* Build configuration list for PBXNativeTarget "WeSplitUITests" */;
			buildPhases = (
				45E5B4FD26E2BC6A00BE6494 /* Sources */,
				45E5B4FE26E2BC6A00BE6494 /* Frameworks */,
				45E5B4FF26E2BC6A00BE6494 /* Resources */,
			);
			buildRules = (
			);
			dependencies = (
				45E5B50326E2BC6A00BE6494 /* PBXTargetDependency */,
			);
			name = WeSplitUITests;
			productName = WeSplitUITests;
			productReference = 45E5B50126E2BC6A00BE6494 /* WeSplitUITests.xctest */;
			productType = "com.apple.product-type.bundle.ui-testing";
		};
/* End PBXNativeTarget section */

/* Begin PBXProject section */
		45E5B4DD26E2BC6900BE6494 /* Project object */ = {
			isa = PBXProject;
			attributes = {
				LastSwiftUpdateCheck = 1250;
				LastUpgradeCheck = 1250;
				TargetAttributes = {
					45E5B4E426E2BC6900BE6494 = {
						CreatedOnToolsVersion = 12.5.1;
					};
					45E5B4F526E2BC6A00BE6494 = {
						CreatedOnToolsVersion = 12.5.1;
						TestTargetID = 45E5B4E426E2BC6900BE6494;
					};
					45E5B50026E2BC6A00BE6494 = {
						CreatedOnToolsVersion = 12.5.1;
						TestTargetID = 45E5B4E426E2BC6900BE6494;
					};
				};
			};
			buildConfigurationList = 45E5B4E026E2BC6900BE6494 /* Build configuration list for PBXProject "WeSplit" */;
			compatibilityVersion = "Xcode 9.3";
			developmentRegion = en;
			hasScannedForEncodings = 0;
			knownRegions = (
				en,
				Base,
			);
			mainGroup = 45E5B4DC26E2BC6900BE6494;
			productRefGroup = 45E5B4E626E2BC6900BE6494 /* Products */;
			projectDirPath = "";
			projectRoot = "";
			targets = (
				45E5B4E426E2BC6900BE6494 /* WeSplit */,
				45E5B4F526E2BC6A00BE6494 /* WeSplitTests */,
				45E5B50026E2BC6A00BE6494 /* WeSplitUITests */,
			);
		};
/* End PBXProject section */

/* Begin PBXResourcesBuildPhase section */
		45E5B4E326E2BC6900BE6494 /* Resources */ = {
			isa = PBXResourcesBuildPhase;
			buildActionMask = 2147483647;
			files = (
				45E5B4F026E2BC6A00BE6494 /* Preview Assets.xcassets in Resources */,
				45E5B4ED26E2BC6A00BE6494 /* Assets.xcassets in Resources */,
			);
			runOnlyForDeploymentPostprocessing = 0;
		};
		45E5B4F426E2BC6A00BE6494 /* Resources */ = {
			isa = PBXResourcesBuildPhase;
			buildActionMask = 2147483647;
			files = (
			);
			runOnlyForDeploymentPostprocessing = 0;
		};
		45E5B4FF26E2BC6A00BE6494 /* Resources */ = {
			isa = PBXResourcesBuildPhase;
			buildActionMask = 2147483647;
			files = (
			);
			runOnlyForDeploymentPostprocessing = 0;
		};
/* End PBXResourcesBuildPhase section */

/* Begin PBXSourcesBuildPhase section */
		45E5B4E126E2BC6900BE6494 /* Sources */ = {
			isa = PBXSourcesBuildPhase;
			buildActionMask = 2147483647;
			files = (
				45E5B4EB26E2BC6900BE6494 /* ContentView.swift in Sources */,
				45E5B4E926E2BC6900BE6494 /* WeSplitApp.swift in Sources */,
			);
			runOnlyForDeploymentPostprocessing = 0;
		};
		45E5B4F226E2BC6A00BE6494 /* Sources */ = {
			isa = PBXSourcesBuildPhase;
			buildActionMask = 2147483647;
			files = (
				45E5B4FB26E2BC6A00BE6494 /* WeSplitTests.swift in Sources */,
			);
			runOnlyForDeploymentPostprocessing = 0;
		};
		45E5B4FD26E2BC6A00BE6494 /* Sources */ = {
			isa = PBXSourcesBuildPhase;
			buildActionMask = 2147483647;
			files = (
				45E5B50626E2BC6A00BE6494 /* WeSplitUITests.swift in Sources */,
			);
			runOnlyForDeploymentPostprocessing = 0;
		};
/* End PBXSourcesBuildPhase section */

/* Begin PBXTargetDependency section */
		45E5B4F826E2BC6A00BE6494 /* PBXTargetDependency */ = {
			isa = PBXTargetDependency;
			target = 45E5B4E426E2BC6900BE6494 /* WeSplit */;
			targetProxy = 45E5B4F726E2BC6A00BE6494 /* PBXContainerItemProxy */;
		};
		45E5B50326E2BC6A00BE6494 /* PBXTargetDependency */ = {
			isa = PBXTargetDependency;
			target = 45E5B4E426E2BC6900BE6494 /* WeSplit */;
			targetProxy = 45E5B50226E2BC6A00BE6494 /* PBXContainerItemProxy */;
		};
/* End PBXTargetDependency section */

/* Begin XCBuildConfiguration section */
		45E5B50826E2BC6A00BE6494 /* Debug */ = {
			isa = XCBuildConfiguration;
			buildSettings = {
				ALWAYS_SEARCH_USER_PATHS = NO;
				CLANG_ANALYZER_NONNULL = YES;
				CLANG_ANALYZER_NUMBER_OBJECT_CONVERSION = YES_AGGRESSIVE;
				CLANG_CXX_LANGUAGE_STANDARD = "gnu++14";
				CLANG_CXX_LIBRARY = "libc++";
				CLANG_ENABLE_MODULES = YES;
				CLANG_ENABLE_OBJC_ARC = YES;
				CLANG_ENABLE_OBJC_WEAK = YES;
				CLANG_WARN_BLOCK_CAPTURE_AUTORELEASING = YES;
				CLANG_WARN_BOOL_CONVERSION = YES;
				CLANG_WARN_COMMA = YES;
				CLANG_WARN_CONSTANT_CONVERSION = YES;
				CLANG_WARN_DEPRECATED_OBJC_IMPLEMENTATIONS = YES;
				CLANG_WARN_DIRECT_OBJC_ISA_USAGE = YES_ERROR;
				CLANG_WARN_DOCUMENTATION_COMMENTS = YES;
				CLANG_WARN_EMPTY_BODY = YES;
				CLANG_WARN_ENUM_CONVERSION = YES;
				CLANG_WARN_INFINITE_RECURSION = YES;
				CLANG_WARN_INT_CONVERSION = YES;
				CLANG_WARN_NON_LITERAL_NULL_CONVERSION = YES;
				CLANG_WARN_OBJC_IMPLICIT_RETAIN_SELF = YES;
				CLANG_WARN_OBJC_LITERAL_CONVERSION = YES;
				CLANG_WARN_OBJC_ROOT_CLASS = YES_ERROR;
				CLANG_WARN_QUOTED_INCLUDE_IN_FRAMEWORK_HEADER = YES;
				CLANG_WARN_RANGE_LOOP_ANALYSIS = YES;
				CLANG_WARN_STRICT_PROTOTYPES = YES;
				CLANG_WARN_SUSPICIOUS_MOVE = YES;
				CLANG_WARN_UNGUARDED_AVAILABILITY = YES_AGGRESSIVE;
				CLANG_WARN_UNREACHABLE_CODE = YES;
				CLANG_WARN__DUPLICATE_METHOD_MATCH = YES;
				COPY_PHASE_STRIP = NO;
				DEBUG_INFORMATION_FORMAT = dwarf;
				ENABLE_STRICT_OBJC_MSGSEND = YES;
				ENABLE_TESTABILITY = YES;
				GCC_C_LANGUAGE_STANDARD = gnu11;
				GCC_DYNAMIC_NO_PIC = NO;
				GCC_NO_COMMON_BLOCKS = YES;
				GCC_OPTIMIZATION_LEVEL = 0;
				GCC_PREPROCESSOR_DEFINITIONS = (
					"DEBUG=1",
					"$(inherited)",
				);
				GCC_WARN_64_TO_32_BIT_CONVERSION = YES;
				GCC_WARN_ABOUT_RETURN_TYPE = YES_ERROR;
				GCC_WARN_UNDECLARED_SELECTOR = YES;
				GCC_WARN_UNINITIALIZED_AUTOS = YES_AGGRESSIVE;
				GCC_WARN_UNUSED_FUNCTION = YES;
				GCC_WARN_UNUSED_VARIABLE = YES;
				IPHONEOS_DEPLOYMENT_TARGET = 14.5;
				MTL_ENABLE_DEBUG_INFO = INCLUDE_SOURCE;
				MTL_FAST_MATH = YES;
				ONLY_ACTIVE_ARCH = YES;
				SDKROOT = iphoneos;
				SWIFT_ACTIVE_COMPILATION_CONDITIONS = DEBUG;
				SWIFT_OPTIMIZATION_LEVEL = "-Onone";
			};
			name = Debug;
		};
		45E5B50926E2BC6A00BE6494 /* Release */ = {
			isa = XCBuildConfiguration;
			buildSettings = {
				ALWAYS_SEARCH_USER_PATHS = NO;
				CLANG_ANALYZER_NONNULL = YES;
				CLANG_ANALYZER_NUMBER_OBJECT_CONVERSION = YES_AGGRESSIVE;
				CLANG_CXX_LANGUAGE_STANDARD = "gnu++14";
				CLANG_CXX_LIBRARY = "libc++";
				CLANG_ENABLE_MODULES = YES;
				CLANG_ENABLE_OBJC_ARC = YES;
				CLANG_ENABLE_OBJC_WEAK = YES;
				CLANG_WARN_BLOCK_CAPTURE_AUTORELEASING = YES;
				CLANG_WARN_BOOL_CONVERSION = YES;
				CLANG_WARN_COMMA = YES;
				CLANG_WARN_CONSTANT_CONVERSION = YES;
				CLANG_WARN_DEPRECATED_OBJC_IMPLEMENTATIONS = YES;
				CLANG_WARN_DIRECT_OBJC_ISA_USAGE = YES_ERROR;
				CLANG_WARN_DOCUMENTATION_COMMENTS = YES;
				CLANG_WARN_EMPTY_BODY = YES;
				CLANG_WARN_ENUM_CONVERSION = YES;
				CLANG_WARN_INFINITE_RECURSION = YES;
				CLANG_WARN_INT_CONVERSION = YES;
				CLANG_WARN_NON_LITERAL_NULL_CONVERSION = YES;
				CLANG_WARN_OBJC_IMPLICIT_RETAIN_SELF = YES;
				CLANG_WARN_OBJC_LITERAL_CONVERSION = YES;
				CLANG_WARN_OBJC_ROOT_CLASS = YES_ERROR;
				CLANG_WARN_QUOTED_INCLUDE_IN_FRAMEWORK_HEADER = YES;
				CLANG_WARN_RANGE_LOOP_ANALYSIS = YES;
				CLANG_WARN_STRICT_PROTOTYPES = YES;
				CLANG_WARN_SUSPICIOUS_MOVE = YES;
				CLANG_WARN_UNGUARDED_AVAILABILITY = YES_AGGRESSIVE;
				CLANG_WARN_UNREACHABLE_CODE = YES;
				CLANG_WARN__DUPLICATE_METHOD_MATCH = YES;
				COPY_PHASE_STRIP = NO;
				DEBUG_INFORMATION_FORMAT = "dwarf-with-dsym";
				ENABLE_NS_ASSERTIONS = NO;
				ENABLE_STRICT_OBJC_MSGSEND = YES;
				GCC_C_LANGUAGE_STANDARD = gnu11;
				GCC_NO_COMMON_BLOCKS = YES;
				GCC_WARN_64_TO_32_BIT_CONVERSION = YES;
				GCC_WARN_ABOUT_RETURN_TYPE = YES_ERROR;
				GCC_WARN_UNDECLARED_SELECTOR = YES;
				GCC_WARN_UNINITIALIZED_AUTOS = YES_AGGRESSIVE;
				GCC_WARN_UNUSED_FUNCTION = YES;
				GCC_WARN_UNUSED_VARIABLE = YES;
				IPHONEOS_DEPLOYMENT_TARGET = 14.5;
				MTL_ENABLE_DEBUG_INFO = NO;
				MTL_FAST_MATH = YES;
				SDKROOT = iphoneos;
				SWIFT_COMPILATION_MODE = wholemodule;
				SWIFT_OPTIMIZATION_LEVEL = "-O";
				VALIDATE_PRODUCT = YES;
			};
			name = Release;
		};
		45E5B50B26E2BC6A00BE6494 /* Debug */ = {
			isa = XCBuildConfiguration;
			buildSettings = {
				ASSETCATALOG_COMPILER_APPICON_NAME = AppIcon;
				ASSETCATALOG_COMPILER_GLOBAL_ACCENT_COLOR_NAME = AccentColor;
				CODE_SIGN_STYLE = Automatic;
				DEVELOPMENT_ASSET_PATHS = "\"WeSplit/Preview Content\"";
				ENABLE_PREVIEWS = YES;
				INFOPLIST_FILE = WeSplit/Info.plist;
				IPHONEOS_DEPLOYMENT_TARGET = 14.0;
				LD_RUNPATH_SEARCH_PATHS = (
					"$(inherited)",
					"@executable_path/Frameworks",
				);
				PRODUCT_BUNDLE_IDENTIFIER = me.gerry.WeSplit;
				PRODUCT_NAME = "$(TARGET_NAME)";
				SWIFT_VERSION = 5.0;
				TARGETED_DEVICE_FAMILY = "1,2";
			};
			name = Debug;
		};
		45E5B50C26E2BC6A00BE6494 /* Release */ = {
			isa = XCBuildConfiguration;
			buildSettings = {
				ASSETCATALOG_COMPILER_APPICON_NAME = AppIcon;
				ASSETCATALOG_COMPILER_GLOBAL_ACCENT_COLOR_NAME = AccentColor;
				CODE_SIGN_STYLE = Automatic;
				DEVELOPMENT_ASSET_PATHS = "\"WeSplit/Preview Content\"";
				ENABLE_PREVIEWS = YES;
				INFOPLIST_FILE = WeSplit/Info.plist;
				IPHONEOS_DEPLOYMENT_TARGET = 14.0;
				LD_RUNPATH_SEARCH_PATHS = (
					"$(inherited)",
					"@executable_path/Frameworks",
				);
				PRODUCT_BUNDLE_IDENTIFIER = me.gerry.WeSplit;
				PRODUCT_NAME = "$(TARGET_NAME)";
				SWIFT_VERSION = 5.0;
				TARGETED_DEVICE_FAMILY = "1,2";
			};
			name = Release;
		};
		45E5B50E26E2BC6A00BE6494 /* Debug */ = {
			isa = XCBuildConfiguration;
			buildSettings = {
				ALWAYS_EMBED_SWIFT_STANDARD_LIBRARIES = YES;
				BUNDLE_LOADER = "$(TEST_HOST)";
				CODE_SIGN_STYLE = Automatic;
				INFOPLIST_FILE = WeSplitTests/Info.plist;
				IPHONEOS_DEPLOYMENT_TARGET = 14.0;
				LD_RUNPATH_SEARCH_PATHS = (
					"$(inherited)",
					"@executable_path/Frameworks",
					"@loader_path/Frameworks",
				);
				PRODUCT_BUNDLE_IDENTIFIER = me.gerry.WeSplitTests;
				PRODUCT_NAME = "$(TARGET_NAME)";
				SWIFT_VERSION = 5.0;
				TARGETED_DEVICE_FAMILY = "1,2";
				TEST_HOST = "$(BUILT_PRODUCTS_DIR)/WeSplit.app/WeSplit";
			};
			name = Debug;
		};
		45E5B50F26E2BC6A00BE6494 /* Release */ = {
			isa = XCBuildConfiguration;
			buildSettings = {
				ALWAYS_EMBED_SWIFT_STANDARD_LIBRARIES = YES;
				BUNDLE_LOADER = "$(TEST_HOST)";
				CODE_SIGN_STYLE = Automatic;
				INFOPLIST_FILE = WeSplitTests/Info.plist;
				IPHONEOS_DEPLOYMENT_TARGET = 14.0;
				LD_RUNPATH_SEARCH_PATHS = (
					"$(inherited)",
					"@executable_path/Frameworks",
					"@loader_path/Frameworks",
				);
				PRODUCT_BUNDLE_IDENTIFIER = me.gerry.WeSplitTests;
				PRODUCT_NAME = "$(TARGET_NAME)";
				SWIFT_VERSION = 5.0;
				TARGETED_DEVICE_FAMILY = "1,2";
				TEST_HOST = "$(BUILT_PRODUCTS_DIR)/WeSplit.app/WeSplit";
			};
			name = Release;
		};
		45E5B51126E2BC6A00BE6494 /* Debug */ = {
			isa = XCBuildConfiguration;
			buildSettings = {
				ALWAYS_EMBED_SWIFT_STANDARD_LIBRARIES = YES;
				CODE_SIGN_STYLE = Automatic;
				INFOPLIST_FILE = WeSplitUITests/Info.plist;
				LD_RUNPATH_SEARCH_PATHS = (
					"$(inherited)",
					"@executable_path/Frameworks",
					"@loader_path/Frameworks",
				);
				PRODUCT_BUNDLE_IDENTIFIER = me.gerry.WeSplitUITests;
				PRODUCT_NAME = "$(TARGET_NAME)";
				SWIFT_VERSION = 5.0;
				TARGETED_DEVICE_FAMILY = "1,2";
				TEST_TARGET_NAME = WeSplit;
			};
			name = Debug;
		};
		45E5B51226E2BC6A00BE6494 /* Release */ = {
			isa = XCBuildConfiguration;
			buildSettings = {
				ALWAYS_EMBED_SWIFT_STANDARD_LIBRARIES = YES;
				CODE_SIGN_STYLE = Automatic;
				INFOPLIST_FILE = WeSplitUITests/Info.plist;
				LD_RUNPATH_SEARCH_PATHS = (
					"$(inherited)",
					"@executable_path/Frameworks",
					"@loader_path/Frameworks",
				);
				PRODUCT_BUNDLE_IDENTIFIER = me.gerry.WeSplitUITests;
				PRODUCT_NAME = "$(TARGET_NAME)";
				SWIFT_VERSION = 5.0;
				TARGETED_DEVICE_FAMILY = "1,2";
				TEST_TARGET_NAME = WeSplit;
			};
			name = Release;
		};
/* End XCBuildConfiguration section */

/* Begin XCConfigurationList section */
		45E5B4E026E2BC6900BE6494 /* Build configuration list for PBXProject "WeSplit" */ = {
			isa = XCConfigurationList;
			buildConfigurations = (
				45E5B50826E2BC6A00BE6494 /* Debug */,
				45E5B50926E2BC6A00BE6494 /* Release */,
			);
			defaultConfigurationIsVisible = 0;
			defaultConfigurationName = Release;
		};
		45E5B50A26E2BC6A00BE6494 /* Build configuration list for PBXNativeTarget "WeSplit" */ = {
			isa = XCConfigurationList;
			buildConfigurations = (
				45E5B50B26E2BC6A00BE6494 /* Debug */,
				45E5B50C26E2BC6A00BE6494 /* Release */,
			);
			defaultConfigurationIsVisible = 0;
			defaultConfigurationName = Release;
		};
		45E5B50D26E2BC6A00BE6494 /* Build configuration list for PBXNativeTarget "WeSplitTests" */ = {
			isa = XCConfigurationList;
			buildConfigurations = (
				45E5B50E26E2BC6A00BE6494 /* Debug */,
				45E5B50F26E2BC6A00BE6494 /* Release */,
			);
			defaultConfigurationIsVisible = 0;
			defaultConfigurationName = Release;
		};
		45E5B51026E2BC6A00BE6494 /* Build configuration list for PBXNativeTarget "WeSplitUITests" */ = {
			isa = XCConfigurationList;
			buildConfigurations = (
				45E5B51126E2BC6A00BE6494 /* Debug */,
				45E5B51226E2BC6A00BE6494 /* Release */,
			);
			defaultConfigurationIsVisible = 0;
			defaultConfigurationName = Release;
		};
/* End XCConfigurationList section */
	};
	rootObject = 45E5B4DD26E2BC6900BE6494 /* Project object */;
}
